<Solution>
  <Folder Name="/Abstractions/">
    <Project Path="src/GeekFlashCore.Abstractions/GeekFlashCore.Abstractions.csproj" />
    <Project Path="src/GeekFlashCore.BlockDevice.Abstractions/GeekFlashCore.BlockDevice.Abstractions.csproj" />
    <Project Path="src/GeekFlashCore.FileSystem.Abstractions/GeekFlashCore.FileSystem.Abstractions.csproj" />
    <Project Path="src/GeekFlashCore.Gpt.Abstractions/GeekFlashCore.Gpt.Abstractions.csproj" />
    <Project Path="src/GeekFlashCore.Protocol.Abstractions/GeekFlashCore.Protocol.Abstractions.csproj" />
    <Project Path="src/GeekFlashCore.Protocol.Qcom.Abstractions/GeekFlashCore.Protocol.Qcom.Abstractions.csproj" />
    <Project Path="src/GeekFlashCore.Transport.Abstractions/GeekFlashCore.Transport.Abstractions.csproj" />
    <Project Path="src/GeekFlashCore.UsbWatcher.Abstractions/GeekFlashCore.UsbWatcher.Abstractions.csproj" />
  </Folder>
  <Folder Name="/Android/">
    <Project Path="src/GeekFlashCore.Android.Lp/GeekFlashCore.Android.Lp.csproj" />
    <Project Path="src/GeekFlashCore.Android.Sparse/GeekFlashCore.Android.Sparse.csproj" />
  </Folder>
  <Folder Name="/Disk/">
    <Project Path="src/GeekFlashCore.Gpt/GeekFlashCore.Gpt.csproj" />
  </Folder>
  <Folder Name="/FileSystem/">
    <Project Path="src/GeekFlashCore.BlockDevice/GeekFlashCore.BlockDevice.csproj" />
    <Project Path="src/GeekFlashCore.FileSystem.Erofs/GeekFlashCore.FileSystem.Erofs.csproj" />
    <Project Path="src/GeekFlashCore.FileSystem.Ext/GeekFlashCore.FileSystem.Ext.csproj" />
  </Folder>
  <Folder Name="/Protocol/">
    <Project Path="src/GeekFlashCore.Protocol.Qcom/GeekFlashCore.Protocol.Qcom.csproj" />
  </Folder>
  <Folder Name="/Transport/">
    <Project Path="src/GeekFlashCore.Transport.LibUsb/GeekFlashCore.Transport.LibUsb.csproj" />
    <Project Path="src/GeekFlashCore.Transport.SerialPort/GeekFlashCore.Transport.SerialPort.csproj" />
  </Folder>
  <Folder Name="/Utility/">
    <Project Path="src/GeekFlashCore.UsbWatcher/GeekFlashCore.UsbWatcher.csproj" />
  </Folder>
  <Project Path="src/GeekFlashCore.Shared/GeekFlashCore.Shared.csproj" />
</Solution>
