<Solution>
  <Folder Name="/Abstractions/">
    <Project Path="src/GeekFlashCore.Abstractions/GeekFlashCore.Abstractions.csproj" />
    <Project Path="src/GeekFlashCore.BlockDevice.Abstractions/GeekFlashCore.BlockDevice.Abstractions.csproj" />
    <Project Path="src/GeekFlashCore.FileSystem.Abstractions/GeekFlashCore.FileSystem.Abstractions.csproj" />
    <Project Path="src/GeekFlashCore.Gpt.Abstractions/GeekFlashCore.Gpt.Abstractions.csproj" />
    <Project Path="src/GeekFlashCore.IO.BlockDevice.Abstractions/GeekFlashCore.IO.BlockDevice.Abstractions.csproj" />
  </Folder>
  <Folder Name="/Android/">
    <Project Path="src/GeekFlashCore.Android.Lp/GeekFlashCore.Android.Lp.csproj" />
    <Project Path="src/GeekFlashCore.Android.Sparse/GeekFlashCore.Android.Sparse.csproj" />
  </Folder>
  <Folder Name="/Disk/">
    <Project Path="src/GeekFlashCore.Gpt/GeekFlashCore.Gpt.csproj" />
  </Folder>
  <Folder Name="/FileSystem/">
    <Project Path="src/GeekFlashCore.BlockDevice/GeekFlashCore.BlockDevice.csproj" />
    <Project Path="src/GeekFlashCore.FileSystem.Erofs/GeekFlashCore.FileSystem.Erofs.csproj" />
    <Project Path="src/GeekFlashCore.FileSystem.Ext/GeekFlashCore.FileSystem.Ext.csproj" />
  </Folder>
  <Folder Name="/IO/">
    <Project Path="src/GeekFlashCore.IO.BlockDevice/GeekFlashCore.IO.BlockDevice.csproj" />
  </Folder>
  <Project Path="src/GeekFlashCore.Shared/GeekFlashCore.Shared.csproj" />
</Solution>
